
Microsoft Visual Studio Solution File, Format Version 12.00
# Visual Studio 2013
VisualStudioVersion = 12.0.30501.0
MinimumVisualStudioVersion = 10.0.40219.1
Project("{FAE04EC0-301F-11D3-BF4B-00C04F79EFBC}") = "RefilWeb", "RefilWeb\RefilWeb.csproj", "{1172A46C-3DF7-442F-8783-CD0E94BFF1EF}"
EndProject
Global
	GlobalSection(SolutionConfigurationPlatforms) = preSolution
		Debug|Any CPU = Debug|Any CPU
		Release|Any CPU = Release|Any CPU
	EndGlobalSection
	GlobalSection(ProjectConfigurationPlatforms) = postSolution
		{1172A46C-3DF7-442F-8783-CD0E94BFF1EF}.Debug|Any CPU.ActiveCfg = Debug|Any CPU
		{1172A46C-3DF7-442F-8783-CD0E94BFF1EF}.Debug|Any CPU.Build.0 = Debug|Any CPU
		{1172A46C-3DF7-442F-8783-CD0E94BFF1EF}.Release|Any CPU.ActiveCfg = Release|Any CPU
		{1172A46C-3DF7-442F-8783-CD0E94BFF1EF}.Release|Any CPU.Build.0 = Release|Any CPU
	EndGlobalSection
	GlobalSection(SolutionProperties) = preSolution
		HideSolutionNode = FALSE
	EndGlobalSection
EndGlobal
